
Microsoft Visual Studio Solution File, Format Version 11.00
# Visual Studio 2010
Project("{FAE04EC0-301F-11D3-BF4B-00C04F79EFBC}") = "Narrative Escape-The-Room", "Assembly-CSharp-firstpass.csproj", "{7691309C-DD9D-4498-A229-510F51C70975}"
EndProject
Project("{FAE04EC0-301F-11D3-BF4B-00C04F79EFBC}") = "Narrative Escape-The-Room", "Assembly-CSharp.csproj", "{9706D936-E3D2-61BC-B239-AED7EB81F7A0}"
EndProject
Project("{FAE04EC0-301F-11D3-BF4B-00C04F79EFBC}") = "Narrative Escape-The-Room", "Assembly-CSharp-Editor-firstpass.csproj", "{6FEF5A6D-BCEB-BE94-231B-091CE4A62BEC}"
EndProject
Global
	GlobalSection(SolutionConfigurationPlatforms) = preSolution
		Debug|Any CPU = Debug|Any CPU
		Release|Any CPU = Release|Any CPU
	EndGlobalSection
	GlobalSection(ProjectConfigurationPlatforms) = postSolution
		{7691309C-DD9D-4498-A229-510F51C70975}.Debug|Any CPU.ActiveCfg = Debug|Any CPU
		{7691309C-DD9D-4498-A229-510F51C70975}.Debug|Any CPU.Build.0 = Debug|Any CPU
		{7691309C-DD9D-4498-A229-510F51C70975}.Release|Any CPU.ActiveCfg = Release|Any CPU
		{7691309C-DD9D-4498-A229-510F51C70975}.Release|Any CPU.Build.0 = Release|Any CPU
		{9706D936-E3D2-61BC-B239-AED7EB81F7A0}.Debug|Any CPU.ActiveCfg = Debug|Any CPU
		{9706D936-E3D2-61BC-B239-AED7EB81F7A0}.Debug|Any CPU.Build.0 = Debug|Any CPU
		{9706D936-E3D2-61BC-B239-AED7EB81F7A0}.Release|Any CPU.ActiveCfg = Release|Any CPU
		{9706D936-E3D2-61BC-B239-AED7EB81F7A0}.Release|Any CPU.Build.0 = Release|Any CPU
		{6FEF5A6D-BCEB-BE94-231B-091CE4A62BEC}.Debug|Any CPU.ActiveCfg = Debug|Any CPU
		{6FEF5A6D-BCEB-BE94-231B-091CE4A62BEC}.Debug|Any CPU.Build.0 = Debug|Any CPU
		{6FEF5A6D-BCEB-BE94-231B-091CE4A62BEC}.Release|Any CPU.ActiveCfg = Release|Any CPU
		{6FEF5A6D-BCEB-BE94-231B-091CE4A62BEC}.Release|Any CPU.Build.0 = Release|Any CPU
	EndGlobalSection
	GlobalSection(SolutionProperties) = preSolution
		HideSolutionNode = FALSE
	EndGlobalSection
	GlobalSection(MonoDevelopProperties) = preSolution
		StartupItem = Assembly-CSharp.csproj
	EndGlobalSection
EndGlobal
