
Microsoft Visual Studio Solution File, Format Version 11.00
# Visual Studio 2010
Project("{FAE04EC0-301F-11D3-BF4B-00C04F79EFBC}") = "StoryscapeUnity", "Assembly-CSharp-firstpass.csproj", "{CFD2B803-211A-1D4D-ACFC-78DCCACC577E}"
EndProject
Project("{FAE04EC0-301F-11D3-BF4B-00C04F79EFBC}") = "StoryscapeUnity", "Assembly-CSharp.csproj", "{0F94F351-844F-421E-44C4-C7C41777E5F1}"
EndProject
Project("{FAE04EC0-301F-11D3-BF4B-00C04F79EFBC}") = "StoryscapeUnity", "Assembly-CSharp-Editor-firstpass.csproj", "{2E06CCF0-C9A2-D10D-E7A8-F1FA4847E373}"
EndProject
Global
	GlobalSection(SolutionConfigurationPlatforms) = preSolution
		Debug|Any CPU = Debug|Any CPU
		Release|Any CPU = Release|Any CPU
	EndGlobalSection
	GlobalSection(ProjectConfigurationPlatforms) = postSolution
		{CFD2B803-211A-1D4D-ACFC-78DCCACC577E}.Debug|Any CPU.ActiveCfg = Debug|Any CPU
		{CFD2B803-211A-1D4D-ACFC-78DCCACC577E}.Debug|Any CPU.Build.0 = Debug|Any CPU
		{CFD2B803-211A-1D4D-ACFC-78DCCACC577E}.Release|Any CPU.ActiveCfg = Release|Any CPU
		{CFD2B803-211A-1D4D-ACFC-78DCCACC577E}.Release|Any CPU.Build.0 = Release|Any CPU
		{0F94F351-844F-421E-44C4-C7C41777E5F1}.Debug|Any CPU.ActiveCfg = Debug|Any CPU
		{0F94F351-844F-421E-44C4-C7C41777E5F1}.Debug|Any CPU.Build.0 = Debug|Any CPU
		{0F94F351-844F-421E-44C4-C7C41777E5F1}.Release|Any CPU.ActiveCfg = Release|Any CPU
		{0F94F351-844F-421E-44C4-C7C41777E5F1}.Release|Any CPU.Build.0 = Release|Any CPU
		{2E06CCF0-C9A2-D10D-E7A8-F1FA4847E373}.Debug|Any CPU.ActiveCfg = Debug|Any CPU
		{2E06CCF0-C9A2-D10D-E7A8-F1FA4847E373}.Debug|Any CPU.Build.0 = Debug|Any CPU
		{2E06CCF0-C9A2-D10D-E7A8-F1FA4847E373}.Release|Any CPU.ActiveCfg = Release|Any CPU
		{2E06CCF0-C9A2-D10D-E7A8-F1FA4847E373}.Release|Any CPU.Build.0 = Release|Any CPU
	EndGlobalSection
	GlobalSection(SolutionProperties) = preSolution
		HideSolutionNode = FALSE
	EndGlobalSection
	GlobalSection(MonoDevelopProperties) = preSolution
		StartupItem = Assembly-CSharp.csproj
	EndGlobalSection
EndGlobal
